# This file is generated by running "yarn install" inside your project.
# Manual changes might be lost - proceed with caution!

__metadata:
  version: 6
  cacheKey: 8

"@hapi/hoek@npm:^9.0.0":
  version: 9.3.0
  resolution: "@hapi/hoek@npm:9.3.0"
  checksum: 4771c7a776242c3c022b168046af4e324d116a9d2e1d60631ee64f474c6e38d1bb07092d898bf95c7bc5d334c5582798a1456321b2e53ca817d4e7c88bc25b43
  languageName: node
  linkType: hard

"@hapi/topo@npm:^5.0.0":
  version: 5.1.0
  resolution: "@hapi/topo@npm:5.1.0"
  dependencies:
    "@hapi/hoek": ^9.0.0
  checksum: 604dfd5dde76d5c334bd03f9001fce69c7ce529883acf92da96f4fe7e51221bf5e5110e964caca287a6a616ba027c071748ab636ff178ad750547fba611d6014
  languageName: node
  linkType: hard

"@sideway/address@npm:^4.1.3":
  version: 4.1.4
  resolution: "@sideway/address@npm:4.1.4"
  dependencies:
    "@hapi/hoek": ^9.0.0
  checksum: b9fca2a93ac2c975ba12e0a6d97853832fb1f4fb02393015e012b47fa916a75ca95102d77214b2a29a2784740df2407951af8c5dde054824c65577fd293c4cdb
  languageName: node
  linkType: hard

"@sideway/formula@npm:^3.0.1":
  version: 3.0.1
  resolution: "@sideway/formula@npm:3.0.1"
  checksum: e4beeebc9dbe2ff4ef0def15cec0165e00d1612e3d7cea0bc9ce5175c3263fc2c818b679bd558957f49400ee7be9d4e5ac90487e1625b4932e15c4aa7919c57a
  languageName: node
  linkType: hard

"@sideway/pinpoint@npm:^2.0.0":
  version: 2.0.0
  resolution: "@sideway/pinpoint@npm:2.0.0"
  checksum: 0f4491e5897fcf5bf02c46f5c359c56a314e90ba243f42f0c100437935daa2488f20482f0f77186bd6bf43345095a95d8143ecf8b1f4d876a7bc0806aba9c3d2
  languageName: node
  linkType: hard

"@timondev/azure-jwt-verify@workspace:.":
  version: 0.0.0-use.local
  resolution: "@timondev/azure-jwt-verify@workspace:."
  dependencies:
    joi: ^17.9.1
    jsonwebtoken: ^9.0.0
    rsa-pem-from-mod-exp: ^0.8.5
  languageName: unknown
  linkType: soft

"buffer-equal-constant-time@npm:1.0.1":
  version: 1.0.1
  resolution: "buffer-equal-constant-time@npm:1.0.1"
  checksum: 80bb945f5d782a56f374b292770901065bad21420e34936ecbe949e57724b4a13874f735850dd1cc61f078773c4fb5493a41391e7bda40d1fa388d6bd80daaab
  languageName: node
  linkType: hard

"ecdsa-sig-formatter@npm:1.0.11":
  version: 1.0.11
  resolution: "ecdsa-sig-formatter@npm:1.0.11"
  dependencies:
    safe-buffer: ^5.0.1
  checksum: 207f9ab1c2669b8e65540bce29506134613dd5f122cccf1e6a560f4d63f2732d427d938f8481df175505aad94583bcb32c688737bb39a6df0625f903d6d93c03
  languageName: node
  linkType: hard

"joi@npm:^17.9.1":
  version: 17.9.1
  resolution: "joi@npm:17.9.1"
  dependencies:
    "@hapi/hoek": ^9.0.0
    "@hapi/topo": ^5.0.0
    "@sideway/address": ^4.1.3
    "@sideway/formula": ^3.0.1
    "@sideway/pinpoint": ^2.0.0
  checksum: 055df3841e00d7ed065ef1cc3330cf69097ab2ffec3083d8b1d6edfd2e25504bf2983f5249d6f0459bcad99fe21bb0c9f6f1cc03569713af27cd5eb00ee7bb7d
  languageName: node
  linkType: hard

"jsonwebtoken@npm:^9.0.0":
  version: 9.0.0
  resolution: "jsonwebtoken@npm:9.0.0"
  dependencies:
    jws: ^3.2.2
    lodash: ^4.17.21
    ms: ^2.1.1
    semver: ^7.3.8
  checksum: b9181cecf9df99f1dc0253f91ba000a1aa4d91f5816d1608c0dba61a5623726a0bfe200b51df25de18c1a6000825d231ad7ce2788aa54fd48dcb760ad9eb9514
  languageName: node
  linkType: hard

"jwa@npm:^1.4.1":
  version: 1.4.1
  resolution: "jwa@npm:1.4.1"
  dependencies:
    buffer-equal-constant-time: 1.0.1
    ecdsa-sig-formatter: 1.0.11
    safe-buffer: ^5.0.1
  checksum: ff30ea7c2dcc61f3ed2098d868bf89d43701605090c5b21b5544b512843ec6fd9e028381a4dda466cbcdb885c2d1150f7c62e7168394ee07941b4098e1035e2f
  languageName: node
  linkType: hard

"jws@npm:^3.2.2":
  version: 3.2.2
  resolution: "jws@npm:3.2.2"
  dependencies:
    jwa: ^1.4.1
    safe-buffer: ^5.0.1
  checksum: f0213fe5b79344c56cd443428d8f65c16bf842dc8cb8f5aed693e1e91d79c20741663ad6eff07a6d2c433d1831acc9814e8d7bada6a0471fbb91d09ceb2bf5c2
  languageName: node
  linkType: hard

"lodash@npm:^4.17.21":
  version: 4.17.21
  resolution: "lodash@npm:4.17.21"
  checksum: eb835a2e51d381e561e508ce932ea50a8e5a68f4ebdd771ea240d3048244a8d13658acbd502cd4829768c56f2e16bdd4340b9ea141297d472517b83868e677f7
  languageName: node
  linkType: hard

"lru-cache@npm:^6.0.0":
  version: 6.0.0
  resolution: "lru-cache@npm:6.0.0"
  dependencies:
    yallist: ^4.0.0
  checksum: f97f499f898f23e4585742138a22f22526254fdba6d75d41a1c2526b3b6cc5747ef59c5612ba7375f42aca4f8461950e925ba08c991ead0651b4918b7c978297
  languageName: node
  linkType: hard

"ms@npm:^2.1.1":
  version: 2.1.3
  resolution: "ms@npm:2.1.3"
  checksum: aa92de608021b242401676e35cfa5aa42dd70cbdc082b916da7fb925c542173e36bce97ea3e804923fe92c0ad991434e4a38327e15a1b5b5f945d66df615ae6d
  languageName: node
  linkType: hard

"rsa-pem-from-mod-exp@npm:^0.8.5":
  version: 0.8.5
  resolution: "rsa-pem-from-mod-exp@npm:0.8.5"
  checksum: 9f25258118687be171fa3c934f7a5861e6df54a36c1a945ecd9bacc71079f930b07b2f716345b533ba0f12c5f758c280a50c66cbf8b1f811cabe3575778a364b
  languageName: node
  linkType: hard

"safe-buffer@npm:^5.0.1":
  version: 5.2.1
  resolution: "safe-buffer@npm:5.2.1"
  checksum: b99c4b41fdd67a6aaf280fcd05e9ffb0813654894223afb78a31f14a19ad220bba8aba1cb14eddce1fcfb037155fe6de4e861784eb434f7d11ed58d1e70dd491
  languageName: node
  linkType: hard

"semver@npm:^7.3.8":
  version: 7.4.0
  resolution: "semver@npm:7.4.0"
  dependencies:
    lru-cache: ^6.0.0
  bin:
    semver: bin/semver.js
  checksum: debf7f4d6fa36fdc5ef82bd7fc3603b6412165c8a3963a30be0c45a587be1a49e7681e80aa109da1875765741af24edc6e021cee1ba16ae96f649d06c5df296d
  languageName: node
  linkType: hard

"yallist@npm:^4.0.0":
  version: 4.0.0
  resolution: "yallist@npm:4.0.0"
  checksum: 343617202af32df2a15a3be36a5a8c0c8545208f3d3dfbc6bb7c3e3b7e8c6f8e7485432e4f3b88da3031a6e20afa7c711eded32ddfb122896ac5d914e75848d5
  languageName: node
  linkType: hard
